PODS:
  - connectivity_plus (0.0.1):
    - Flutter
    - FlutterMacOS
  - Flutter (1.0.0)
  - wifi_info_flutter (0.0.1):
    - Flutter

DEPENDENCIES:
  - connectivity_plus (from `.symlinks/plugins/connectivity_plus/darwin`)
  - Flutter (from `Flutter`)
  - wifi_info_flutter (from `.symlinks/plugins/wifi_info_flutter/ios`)

EXTERNAL SOURCES:
  connectivity_plus:
    :path: ".symlinks/plugins/connectivity_plus/darwin"
  Flutter:
    :path: Flutter
  wifi_info_flutter:
    :path: ".symlinks/plugins/wifi_info_flutter/ios"

SPEC CHECKSUMS:
  connectivity_plus: 18382e7311ba19efcaee94442b23b32507b20695
  Flutter: e0871f40cf51350855a761d2e70bf5af5b9b5de7
  wifi_info_flutter: 55d4c2469034f5b5c38063ccefa62f708a503a2b

PODFILE CHECKSUM: 819463e6a0290f5a72f145ba7cde16e8b6ef0796

COCOAPODS: 1.16.2
